
Microsoft Visual Studio Solution File, Format Version 12.00
# Visual Studio 15
VisualStudioVersion = 15.0.27130.2027
MinimumVisualStudioVersion = 10.0.40219.1
Project("{FAE04EC0-301F-11D3-BF4B-00C04F79EFBC}") = "Mod1_Lab1", "Mod1_Lab1\Mod1_Lab1.csproj", "{5EB24A59-C13F-40E4-BE9F-B0E7E7580EF5}"
EndProject
Global
	GlobalSection(SolutionConfigurationPlatforms) = preSolution
		Debug|Any CPU = Debug|Any CPU
		Release|Any CPU = Release|Any CPU
	EndGlobalSection
	GlobalSection(ProjectConfigurationPlatforms) = postSolution
		{5EB24A59-C13F-40E4-BE9F-B0E7E7580EF5}.Debug|Any CPU.ActiveCfg = Debug|Any CPU
		{5EB24A59-C13F-40E4-BE9F-B0E7E7580EF5}.Debug|Any CPU.Build.0 = Debug|Any CPU
		{5EB24A59-C13F-40E4-BE9F-B0E7E7580EF5}.Release|Any CPU.ActiveCfg = Release|Any CPU
		{5EB24A59-C13F-40E4-BE9F-B0E7E7580EF5}.Release|Any CPU.Build.0 = Release|Any CPU
	EndGlobalSection
	GlobalSection(SolutionProperties) = preSolution
		HideSolutionNode = FALSE
	EndGlobalSection
	GlobalSection(ExtensibilityGlobals) = postSolution
		SolutionGuid = {B7CF4747-00D2-4D2D-96B6-CEE37DEA85A4}
	EndGlobalSection
EndGlobal
